
Microsoft Visual Studio Solution File, Format Version 12.00
# Visual Studio Version 17
VisualStudioVersion = 17.0.31903.59
MinimumVisualStudioVersion = 10.0.40219.1
Project("{2150E333-8FDC-42A3-9474-1A3956D46DE8}") = "src", "src", "{59A2DE82-6270-4B27-AF67-790C85C4EF33}"
EndProject
Project("{FAE04EC0-301F-11D3-BF4B-00C04F79EFBC}") = "TitulacionIstpet.Application", "src\TitulacionIstpet.Application\TitulacionIstpet.Application.csproj", "{2D411A95-163B-482E-85E8-213E9FC74FC6}"
EndProject
Project("{FAE04EC0-301F-11D3-BF4B-00C04F79EFBC}") = "TitulacionIstpet.Domain", "src\TitulacionIstpet.Domain\TitulacionIstpet.Domain.csproj", "{D5988EA3-8B6E-4778-ABF0-6BE7C7D1199A}"
EndProject
Project("{FAE04EC0-301F-11D3-BF4B-00C04F79EFBC}") = "TitulacionIstpet.Infrastructure", "src\TitulacionIstpet.Infrastructure\TitulacionIstpet.Infrastructure.csproj", "{478B20F3-6516-4E3C-9DD0-B1A3D5826B45}"
EndProject
Project("{FAE04EC0-301F-11D3-BF4B-00C04F79EFBC}") = "TitulacionIstpet.WebApi", "src\TitulacionIstpet.WebApi\TitulacionIstpet.WebApi.csproj", "{2AF6B8F1-9676-43B3-9060-6AD79B8148C1}"
EndProject
Project("{2150E333-8FDC-42A3-9474-1A3956D46DE8}") = "tests", "tests", "{4318A6AE-381A-43AF-98EC-5C7C13138E83}"
EndProject
Project("{FAE04EC0-301F-11D3-BF4B-00C04F79EFBC}") = "TitulacionIstpet.Application.Tests", "tests\TitulacionIstpet.Application.Tests\TitulacionIstpet.Application.Tests.csproj", "{ACBED48D-2E58-4E36-BCEC-1089E3597AB2}"
EndProject
Project("{FAE04EC0-301F-11D3-BF4B-00C04F79EFBC}") = "TitulacionIstpet.Domain.Tests", "tests\TitulacionIstpet.Domain.Tests\TitulacionIstpet.Domain.Tests.csproj", "{A9ADD15A-EB07-4C92-AEAD-DEC2B84AF226}"
EndProject
Project("{FAE04EC0-301F-11D3-BF4B-00C04F79EFBC}") = "TitulacionIstpet.IntegrationTests", "tests\TitulacionIstpet.IntegrationTests\TitulacionIstpet.IntegrationTests.csproj", "{2BBE216B-D002-4D17-ADBA-7ECD701A3BF1}"
EndProject
Global
	GlobalSection(SolutionConfigurationPlatforms) = preSolution
		Debug|Any CPU = Debug|Any CPU
		Release|Any CPU = Release|Any CPU
	EndGlobalSection
	GlobalSection(SolutionProperties) = preSolution
		HideSolutionNode = FALSE
	EndGlobalSection
	GlobalSection(ProjectConfigurationPlatforms) = postSolution
		{2D411A95-163B-482E-85E8-213E9FC74FC6}.Debug|Any CPU.ActiveCfg = Debug|Any CPU
		{2D411A95-163B-482E-85E8-213E9FC74FC6}.Debug|Any CPU.Build.0 = Debug|Any CPU
		{2D411A95-163B-482E-85E8-213E9FC74FC6}.Release|Any CPU.ActiveCfg = Release|Any CPU
		{2D411A95-163B-482E-85E8-213E9FC74FC6}.Release|Any CPU.Build.0 = Release|Any CPU
		{D5988EA3-8B6E-4778-ABF0-6BE7C7D1199A}.Debug|Any CPU.ActiveCfg = Debug|Any CPU
		{D5988EA3-8B6E-4778-ABF0-6BE7C7D1199A}.Debug|Any CPU.Build.0 = Debug|Any CPU
		{D5988EA3-8B6E-4778-ABF0-6BE7C7D1199A}.Release|Any CPU.ActiveCfg = Release|Any CPU
		{D5988EA3-8B6E-4778-ABF0-6BE7C7D1199A}.Release|Any CPU.Build.0 = Release|Any CPU
		{478B20F3-6516-4E3C-9DD0-B1A3D5826B45}.Debug|Any CPU.ActiveCfg = Debug|Any CPU
		{478B20F3-6516-4E3C-9DD0-B1A3D5826B45}.Debug|Any CPU.Build.0 = Debug|Any CPU
		{478B20F3-6516-4E3C-9DD0-B1A3D5826B45}.Release|Any CPU.ActiveCfg = Release|Any CPU
		{478B20F3-6516-4E3C-9DD0-B1A3D5826B45}.Release|Any CPU.Build.0 = Release|Any CPU
		{2AF6B8F1-9676-43B3-9060-6AD79B8148C1}.Debug|Any CPU.ActiveCfg = Debug|Any CPU
		{2AF6B8F1-9676-43B3-9060-6AD79B8148C1}.Debug|Any CPU.Build.0 = Debug|Any CPU
		{2AF6B8F1-9676-43B3-9060-6AD79B8148C1}.Release|Any CPU.ActiveCfg = Release|Any CPU
		{2AF6B8F1-9676-43B3-9060-6AD79B8148C1}.Release|Any CPU.Build.0 = Release|Any CPU
		{ACBED48D-2E58-4E36-BCEC-1089E3597AB2}.Debug|Any CPU.ActiveCfg = Debug|Any CPU
		{ACBED48D-2E58-4E36-BCEC-1089E3597AB2}.Debug|Any CPU.Build.0 = Debug|Any CPU
		{ACBED48D-2E58-4E36-BCEC-1089E3597AB2}.Release|Any CPU.ActiveCfg = Release|Any CPU
		{ACBED48D-2E58-4E36-BCEC-1089E3597AB2}.Release|Any CPU.Build.0 = Release|Any CPU
		{A9ADD15A-EB07-4C92-AEAD-DEC2B84AF226}.Debug|Any CPU.ActiveCfg = Debug|Any CPU
		{A9ADD15A-EB07-4C92-AEAD-DEC2B84AF226}.Debug|Any CPU.Build.0 = Debug|Any CPU
		{A9ADD15A-EB07-4C92-AEAD-DEC2B84AF226}.Release|Any CPU.ActiveCfg = Release|Any CPU
		{A9ADD15A-EB07-4C92-AEAD-DEC2B84AF226}.Release|Any CPU.Build.0 = Release|Any CPU
		{2BBE216B-D002-4D17-ADBA-7ECD701A3BF1}.Debug|Any CPU.ActiveCfg = Debug|Any CPU
		{2BBE216B-D002-4D17-ADBA-7ECD701A3BF1}.Debug|Any CPU.Build.0 = Debug|Any CPU
		{2BBE216B-D002-4D17-ADBA-7ECD701A3BF1}.Release|Any CPU.ActiveCfg = Release|Any CPU
		{2BBE216B-D002-4D17-ADBA-7ECD701A3BF1}.Release|Any CPU.Build.0 = Release|Any CPU
	EndGlobalSection
	GlobalSection(NestedProjects) = preSolution
		{2D411A95-163B-482E-85E8-213E9FC74FC6} = {59A2DE82-6270-4B27-AF67-790C85C4EF33}
		{D5988EA3-8B6E-4778-ABF0-6BE7C7D1199A} = {59A2DE82-6270-4B27-AF67-790C85C4EF33}
		{478B20F3-6516-4E3C-9DD0-B1A3D5826B45} = {59A2DE82-6270-4B27-AF67-790C85C4EF33}
		{2AF6B8F1-9676-43B3-9060-6AD79B8148C1} = {59A2DE82-6270-4B27-AF67-790C85C4EF33}
		{ACBED48D-2E58-4E36-BCEC-1089E3597AB2} = {4318A6AE-381A-43AF-98EC-5C7C13138E83}
		{A9ADD15A-EB07-4C92-AEAD-DEC2B84AF226} = {4318A6AE-381A-43AF-98EC-5C7C13138E83}
		{2BBE216B-D002-4D17-ADBA-7ECD701A3BF1} = {4318A6AE-381A-43AF-98EC-5C7C13138E83}
	EndGlobalSection
EndGlobal
